{
  "name": "project",
  "requires": true,
  "lockfileVersion": 1,
  "dependencies": {
    "gulp-wait": {
      "version": "0.0.2",
      "resolved": "https://registry.npmjs.org/gulp-wait/-/gulp-wait-0.0.2.tgz",
      "integrity": "sha1-7Ov/REbhoNU3yx3Hc9vUWB0X+y0=",
      "requires": {
        "map-stream": "0.0.4"
      }
    },
    "map-stream": {
      "version": "0.0.4",
      "resolved": "https://registry.npmjs.org/map-stream/-/map-stream-0.0.4.tgz",
      "integrity": "sha1-XsbekCE+9sey65Nn6a3o2k79tos="
    }
  }
}
